// !$*UTF8*$!
{
	archiveVersion = 1;
	classes = {
	};
	objectVersion = 46;
	objects = {

/* Begin PBXBuildFile section */
		1975F1541990830400AF4981 /* AppDelegate.swift in Sources */ = {isa = PBXBuildFile; fileRef = 1975F1531990830400AF4981 /* AppDelegate.swift */; };
		1975F1561990830400AF4981 /* ViewController.swift in Sources */ = {isa = PBXBuildFile; fileRef = 1975F1551990830400AF4981 /* ViewController.swift */; };
		1975F1591990830400AF4981 /* Main.storyboard in Resources */ = {isa = PBXBuildFile; fileRef = 1975F1571990830400AF4981 /* Main.storyboard */; };
		1975F15B1990830400AF4981 /* Images.xcassets in Resources */ = {isa = PBXBuildFile; fileRef = 1975F15A1990830400AF4981 /* Images.xcassets */; };
		1975F1671990830400AF4981 /* Week1HWTests.swift in Sources */ = {isa = PBXBuildFile; fileRef = 1975F1661990830400AF4981 /* Week1HWTests.swift */; };
		1975F17219908F1E00AF4981 /* CreateAccountViewController.swift in Sources */ = {isa = PBXBuildFile; fileRef = 1975F17119908F1E00AF4981 /* CreateAccountViewController.swift */; };
		1975F17419908F2D00AF4981 /* SignInViewController.swift in Sources */ = {isa = PBXBuildFile; fileRef = 1975F17319908F2D00AF4981 /* SignInViewController.swift */; };
		1975F1761990918D00AF4981 /* CreateAccountRootViewController.swift in Sources */ = {isa = PBXBuildFile; fileRef = 1975F1751990918D00AF4981 /* CreateAccountRootViewController.swift */; };
		1975F1781990919B00AF4981 /* SignInRootViewController.swift in Sources */ = {isa = PBXBuildFile; fileRef = 1975F1771990919B00AF4981 /* SignInRootViewController.swift */; };
		1975F17A1990934F00AF4981 /* TermsViewController.swift in Sources */ = {isa = PBXBuildFile; fileRef = 1975F1791990934F00AF4981 /* TermsViewController.swift */; };
		1975F17C19909E4600AF4981 /* SignInTroubleViewController.swift in Sources */ = {isa = PBXBuildFile; fileRef = 1975F17B19909E4600AF4981 /* SignInTroubleViewController.swift */; };
		1975F17E1990A88F00AF4981 /* SettingsViewController.swift in Sources */ = {isa = PBXBuildFile; fileRef = 1975F17D1990A88F00AF4981 /* SettingsViewController.swift */; };
		1975F1801990B31400AF4981 /* FileViewController.swift in Sources */ = {isa = PBXBuildFile; fileRef = 1975F17F1990B31400AF4981 /* FileViewController.swift */; };
		1975F1841990B7C300AF4981 /* FavTabViewController.swift in Sources */ = {isa = PBXBuildFile; fileRef = 1975F1831990B7C300AF4981 /* FavTabViewController.swift */; };
		19C6F9C91991932500ABB7D0 /* CreateAccountTableViewController.swift in Sources */ = {isa = PBXBuildFile; fileRef = 19C6F9C81991932500ABB7D0 /* CreateAccountTableViewController.swift */; };
		19C6F9CB199205D500ABB7D0 /* SignInTableViewController.swift in Sources */ = {isa = PBXBuildFile; fileRef = 19C6F9CA199205D500ABB7D0 /* SignInTableViewController.swift */; };
/* End PBXBuildFile section */

/* Begin PBXContainerItemProxy section */
		1975F1611990830400AF4981 /* PBXContainerItemProxy */ = {
			isa = PBXContainerItemProxy;
			containerPortal = 1975F1461990830400AF4981 /* Project object */;
			proxyType = 1;
			remoteGlobalIDString = 1975F14D1990830400AF4981;
			remoteInfo = Week1HW;
		};
/* End PBXContainerItemProxy section */

/* Begin PBXFileReference section */
		1975F14E1990830400AF4981 /* Week1HW.app */ = {isa = PBXFileReference; explicitFileType = wrapper.application; includeInIndex = 0; path = Week1HW.app; sourceTree = BUILT_PRODUCTS_DIR; };
		1975F1521990830400AF4981 /* Info.plist */ = {isa = PBXFileReference; lastKnownFileType = text.plist.xml; path = Info.plist; sourceTree = "<group>"; };
		1975F1531990830400AF4981 /* AppDelegate.swift */ = {isa = PBXFileReference; lastKnownFileType = sourcecode.swift; path = AppDelegate.swift; sourceTree = "<group>"; };
		1975F1551990830400AF4981 /* ViewController.swift */ = {isa = PBXFileReference; lastKnownFileType = sourcecode.swift; path = ViewController.swift; sourceTree = "<group>"; };
		1975F1581990830400AF4981 /* Base */ = {isa = PBXFileReference; lastKnownFileType = file.storyboard; name = Base; path = Base.lproj/Main.storyboard; sourceTree = "<group>"; };
		1975F15A1990830400AF4981 /* Images.xcassets */ = {isa = PBXFileReference; lastKnownFileType = folder.assetcatalog; path = Images.xcassets; sourceTree = "<group>"; };
		1975F1601990830400AF4981 /* Week1HWTests.xctest */ = {isa = PBXFileReference; explicitFileType = wrapper.cfbundle; includeInIndex = 0; path = Week1HWTests.xctest; sourceTree = BUILT_PRODUCTS_DIR; };
		1975F1651990830400AF4981 /* Info.plist */ = {isa = PBXFileReference; lastKnownFileType = text.plist.xml; path = Info.plist; sourceTree = "<group>"; };
		1975F1661990830400AF4981 /* Week1HWTests.swift */ = {isa = PBXFileReference; lastKnownFileType = sourcecode.swift; path = Week1HWTests.swift; sourceTree = "<group>"; };
		1975F17119908F1E00AF4981 /* CreateAccountViewController.swift */ = {isa = PBXFileReference; fileEncoding = 4; lastKnownFileType = sourcecode.swift; path = CreateAccountViewController.swift; sourceTree = "<group>"; };
		1975F17319908F2D00AF4981 /* SignInViewController.swift */ = {isa = PBXFileReference; fileEncoding = 4; lastKnownFileType = sourcecode.swift; path = SignInViewController.swift; sourceTree = "<group>"; };
		1975F1751990918D00AF4981 /* CreateAccountRootViewController.swift */ = {isa = PBXFileReference; fileEncoding = 4; lastKnownFileType = sourcecode.swift; path = CreateAccountRootViewController.swift; sourceTree = "<group>"; };
		1975F1771990919B00AF4981 /* SignInRootViewController.swift */ = {isa = PBXFileReference; fileEncoding = 4; lastKnownFileType = sourcecode.swift; path = SignInRootViewController.swift; sourceTree = "<group>"; };
		1975F1791990934F00AF4981 /* TermsViewController.swift */ = {isa = PBXFileReference; fileEncoding = 4; lastKnownFileType = sourcecode.swift; path = TermsViewController.swift; sourceTree = "<group>"; };
		1975F17B19909E4600AF4981 /* SignInTroubleViewController.swift */ = {isa = PBXFileReference; fileEncoding = 4; lastKnownFileType = sourcecode.swift; path = SignInTroubleViewController.swift; sourceTree = "<group>"; };
		1975F17D1990A88F00AF4981 /* SettingsViewController.swift */ = {isa = PBXFileReference; fileEncoding = 4; lastKnownFileType = sourcecode.swift; path = SettingsViewController.swift; sourceTree = "<group>"; };
		1975F17F1990B31400AF4981 /* FileViewController.swift */ = {isa = PBXFileReference; fileEncoding = 4; lastKnownFileType = sourcecode.swift; path = FileViewController.swift; sourceTree = "<group>"; };
		1975F1831990B7C300AF4981 /* FavTabViewController.swift */ = {isa = PBXFileReference; fileEncoding = 4; lastKnownFileType = sourcecode.swift; path = FavTabViewController.swift; sourceTree = "<group>"; };
		19C6F9C81991932500ABB7D0 /* CreateAccountTableViewController.swift */ = {isa = PBXFileReference; fileEncoding = 4; lastKnownFileType = sourcecode.swift; path = CreateAccountTableViewController.swift; sourceTree = "<group>"; };
		19C6F9CA199205D500ABB7D0 /* SignInTableViewController.swift */ = {isa = PBXFileReference; fileEncoding = 4; lastKnownFileType = sourcecode.swift; path = SignInTableViewController.swift; sourceTree = "<group>"; };
/* End PBXFileReference section */

/* Begin PBXFrameworksBuildPhase section */
		1975F14B1990830400AF4981 /* Frameworks */ = {
			isa = PBXFrameworksBuildPhase;
			buildActionMask = 2147483647;
			files = (
			);
			runOnlyForDeploymentPostprocessing = 0;
		};
		1975F15D1990830400AF4981 /* Frameworks */ = {
			isa = PBXFrameworksBuildPhase;
			buildActionMask = 2147483647;
			files = (
			);
			runOnlyForDeploymentPostprocessing = 0;
		};
/* End PBXFrameworksBuildPhase section */

/* Begin PBXGroup section */
		1975F1451990830400AF4981 = {
			isa = PBXGroup;
			children = (
				1975F1501990830400AF4981 /* Week1HW */,
				1975F1631990830400AF4981 /* Week1HWTests */,
				1975F14F1990830400AF4981 /* Products */,
			);
			sourceTree = "<group>";
		};
		1975F14F1990830400AF4981 /* Products */ = {
			isa = PBXGroup;
			children = (
				1975F14E1990830400AF4981 /* Week1HW.app */,
				1975F1601990830400AF4981 /* Week1HWTests.xctest */,
			);
			name = Products;
			sourceTree = "<group>";
		};
		1975F1501990830400AF4981 /* Week1HW */ = {
			isa = PBXGroup;
			children = (
				1975F17019908F0300AF4981 /* View Controllers */,
				1975F1531990830400AF4981 /* AppDelegate.swift */,
				1975F1551990830400AF4981 /* ViewController.swift */,
				1975F1571990830400AF4981 /* Main.storyboard */,
				1975F15A1990830400AF4981 /* Images.xcassets */,
				1975F1511990830400AF4981 /* Supporting Files */,
			);
			path = Week1HW;
			sourceTree = "<group>";
		};
		1975F1511990830400AF4981 /* Supporting Files */ = {
			isa = PBXGroup;
			children = (
				1975F1521990830400AF4981 /* Info.plist */,
			);
			name = "Supporting Files";
			sourceTree = "<group>";
		};
		1975F1631990830400AF4981 /* Week1HWTests */ = {
			isa = PBXGroup;
			children = (
				1975F1661990830400AF4981 /* Week1HWTests.swift */,
				1975F1641990830400AF4981 /* Supporting Files */,
			);
			path = Week1HWTests;
			sourceTree = "<group>";
		};
		1975F1641990830400AF4981 /* Supporting Files */ = {
			isa = PBXGroup;
			children = (
				1975F1651990830400AF4981 /* Info.plist */,
			);
			name = "Supporting Files";
			sourceTree = "<group>";
		};
		1975F17019908F0300AF4981 /* View Controllers */ = {
			isa = PBXGroup;
			children = (
				1975F17119908F1E00AF4981 /* CreateAccountViewController.swift */,
				1975F17319908F2D00AF4981 /* SignInViewController.swift */,
				1975F1751990918D00AF4981 /* CreateAccountRootViewController.swift */,
				1975F1771990919B00AF4981 /* SignInRootViewController.swift */,
				1975F1791990934F00AF4981 /* TermsViewController.swift */,
				1975F17B19909E4600AF4981 /* SignInTroubleViewController.swift */,
				1975F17D1990A88F00AF4981 /* SettingsViewController.swift */,
				1975F17F1990B31400AF4981 /* FileViewController.swift */,
				1975F1831990B7C300AF4981 /* FavTabViewController.swift */,
				19C6F9C81991932500ABB7D0 /* CreateAccountTableViewController.swift */,
				19C6F9CA199205D500ABB7D0 /* SignInTableViewController.swift */,
			);
			name = "View Controllers";
			sourceTree = "<group>";
		};
/* End PBXGroup section */

/* Begin PBXNativeTarget section */
		1975F14D1990830400AF4981 /* Week1HW */ = {
			isa = PBXNativeTarget;
			buildConfigurationList = 1975F16A1990830400AF4981 /* Build configuration list for PBXNativeTarget "Week1HW" */;
			buildPhases = (
				1975F14A1990830400AF4981 /* Sources */,
				1975F14B1990830400AF4981 /* Frameworks */,
				1975F14C1990830400AF4981 /* Resources */,
			);
			buildRules = (
			);
			dependencies = (
			);
			name = Week1HW;
			productName = Week1HW;
			productReference = 1975F14E1990830400AF4981 /* Week1HW.app */;
			productType = "com.apple.product-type.application";
		};
		1975F15F1990830400AF4981 /* Week1HWTests */ = {
			isa = PBXNativeTarget;
			buildConfigurationList = 1975F16D1990830400AF4981 /* Build configuration list for PBXNativeTarget "Week1HWTests" */;
			buildPhases = (
				1975F15C1990830400AF4981 /* Sources */,
				1975F15D1990830400AF4981 /* Frameworks */,
				1975F15E1990830400AF4981 /* Resources */,
			);
			buildRules = (
			);
			dependencies = (
				1975F1621990830400AF4981 /* PBXTargetDependency */,
			);
			name = Week1HWTests;
			productName = Week1HWTests;
			productReference = 1975F1601990830400AF4981 /* Week1HWTests.xctest */;
			productType = "com.apple.product-type.bundle.unit-test";
		};
/* End PBXNativeTarget section */

/* Begin PBXProject section */
		1975F1461990830400AF4981 /* Project object */ = {
			isa = PBXProject;
			attributes = {
				LastUpgradeCheck = 0600;
				ORGANIZATIONNAME = Dropbox;
				TargetAttributes = {
					1975F14D1990830400AF4981 = {
						CreatedOnToolsVersion = 6.0;
					};
					1975F15F1990830400AF4981 = {
						CreatedOnToolsVersion = 6.0;
						TestTargetID = 1975F14D1990830400AF4981;
					};
				};
			};
			buildConfigurationList = 1975F1491990830400AF4981 /* Build configuration list for PBXProject "Week1HW" */;
			compatibilityVersion = "Xcode 3.2";
			developmentRegion = English;
			hasScannedForEncodings = 0;
			knownRegions = (
				en,
				Base,
			);
			mainGroup = 1975F1451990830400AF4981;
			productRefGroup = 1975F14F1990830400AF4981 /* Products */;
			projectDirPath = "";
			projectRoot = "";
			targets = (
				1975F14D1990830400AF4981 /* Week1HW */,
				1975F15F1990830400AF4981 /* Week1HWTests */,
			);
		};
/* End PBXProject section */

/* Begin PBXResourcesBuildPhase section */
		1975F14C1990830400AF4981 /* Resources */ = {
			isa = PBXResourcesBuildPhase;
			buildActionMask = 2147483647;
			files = (
				1975F1591990830400AF4981 /* Main.storyboard in Resources */,
				1975F15B1990830400AF4981 /* Images.xcassets in Resources */,
			);
			runOnlyForDeploymentPostprocessing = 0;
		};
		1975F15E1990830400AF4981 /* Resources */ = {
			isa = PBXResourcesBuildPhase;
			buildActionMask = 2147483647;
			files = (
			);
			runOnlyForDeploymentPostprocessing = 0;
		};
/* End PBXResourcesBuildPhase section */

/* Begin PBXSourcesBuildPhase section */
		1975F14A1990830400AF4981 /* Sources */ = {
			isa = PBXSourcesBuildPhase;
			buildActionMask = 2147483647;
			files = (
				1975F17C19909E4600AF4981 /* SignInTroubleViewController.swift in Sources */,
				1975F1761990918D00AF4981 /* CreateAccountRootViewController.swift in Sources */,
				1975F17419908F2D00AF4981 /* SignInViewController.swift in Sources */,
				1975F1781990919B00AF4981 /* SignInRootViewController.swift in Sources */,
				1975F17219908F1E00AF4981 /* CreateAccountViewController.swift in Sources */,
				1975F1561990830400AF4981 /* ViewController.swift in Sources */,
				1975F1801990B31400AF4981 /* FileViewController.swift in Sources */,
				19C6F9CB199205D500ABB7D0 /* SignInTableViewController.swift in Sources */,
				1975F1541990830400AF4981 /* AppDelegate.swift in Sources */,
				1975F17A1990934F00AF4981 /* TermsViewController.swift in Sources */,
				19C6F9C91991932500ABB7D0 /* CreateAccountTableViewController.swift in Sources */,
				1975F1841990B7C300AF4981 /* FavTabViewController.swift in Sources */,
				1975F17E1990A88F00AF4981 /* SettingsViewController.swift in Sources */,
			);
			runOnlyForDeploymentPostprocessing = 0;
		};
		1975F15C1990830400AF4981 /* Sources */ = {
			isa = PBXSourcesBuildPhase;
			buildActionMask = 2147483647;
			files = (
				1975F1671990830400AF4981 /* Week1HWTests.swift in Sources */,
			);
			runOnlyForDeploymentPostprocessing = 0;
		};
/* End PBXSourcesBuildPhase section */

/* Begin PBXTargetDependency section */
		1975F1621990830400AF4981 /* PBXTargetDependency */ = {
			isa = PBXTargetDependency;
			target = 1975F14D1990830400AF4981 /* Week1HW */;
			targetProxy = 1975F1611990830400AF4981 /* PBXContainerItemProxy */;
		};
/* End PBXTargetDependency section */

/* Begin PBXVariantGroup section */
		1975F1571990830400AF4981 /* Main.storyboard */ = {
			isa = PBXVariantGroup;
			children = (
				1975F1581990830400AF4981 /* Base */,
			);
			name = Main.storyboard;
			sourceTree = "<group>";
		};
/* End PBXVariantGroup section */

/* Begin XCBuildConfiguration section */
		1975F1681990830400AF4981 /* Debug */ = {
			isa = XCBuildConfiguration;
			buildSettings = {
				ALWAYS_SEARCH_USER_PATHS = NO;
				CLANG_CXX_LANGUAGE_STANDARD = "gnu++0x";
				CLANG_CXX_LIBRARY = "libc++";
				CLANG_ENABLE_MODULES = YES;
				CLANG_ENABLE_OBJC_ARC = YES;
				CLANG_WARN_BOOL_CONVERSION = YES;
				CLANG_WARN_CONSTANT_CONVERSION = YES;
				CLANG_WARN_DIRECT_OBJC_ISA_USAGE = YES_ERROR;
				CLANG_WARN_EMPTY_BODY = YES;
				CLANG_WARN_ENUM_CONVERSION = YES;
				CLANG_WARN_INT_CONVERSION = YES;
				CLANG_WARN_OBJC_ROOT_CLASS = YES_ERROR;
				CLANG_WARN_UNREACHABLE_CODE = YES;
				CLANG_WARN__DUPLICATE_METHOD_MATCH = YES;
				"CODE_SIGN_IDENTITY[sdk=iphoneos*]" = "iPhone Developer";
				COPY_PHASE_STRIP = NO;
				ENABLE_STRICT_OBJC_MSGSEND = YES;
				GCC_C_LANGUAGE_STANDARD = gnu99;
				GCC_DYNAMIC_NO_PIC = NO;
				GCC_OPTIMIZATION_LEVEL = 0;
				GCC_PREPROCESSOR_DEFINITIONS = (
					"DEBUG=1",
					"$(inherited)",
				);
				GCC_SYMBOLS_PRIVATE_EXTERN = NO;
				GCC_WARN_64_TO_32_BIT_CONVERSION = YES;
				GCC_WARN_ABOUT_RETURN_TYPE = YES_ERROR;
				GCC_WARN_UNDECLARED_SELECTOR = YES;
				GCC_WARN_UNINITIALIZED_AUTOS = YES_AGGRESSIVE;
				GCC_WARN_UNUSED_FUNCTION = YES;
				GCC_WARN_UNUSED_VARIABLE = YES;
				IPHONEOS_DEPLOYMENT_TARGET = 8.0;
				MTL_ENABLE_DEBUG_INFO = YES;
				ONLY_ACTIVE_ARCH = YES;
				SDKROOT = iphoneos;
				SWIFT_OPTIMIZATION_LEVEL = "-Onone";
			};
			name = Debug;
		};
		1975F1691990830400AF4981 /* Release */ = {
			isa = XCBuildConfiguration;
			buildSettings = {
				ALWAYS_SEARCH_USER_PATHS = NO;
				CLANG_CXX_LANGUAGE_STANDARD = "gnu++0x";
				CLANG_CXX_LIBRARY = "libc++";
				CLANG_ENABLE_MODULES = YES;
				CLANG_ENABLE_OBJC_ARC = YES;
				CLANG_WARN_BOOL_CONVERSION = YES;
				CLANG_WARN_CONSTANT_CONVERSION = YES;
				CLANG_WARN_DIRECT_OBJC_ISA_USAGE = YES_ERROR;
				CLANG_WARN_EMPTY_BODY = YES;
				CLANG_WARN_ENUM_CONVERSION = YES;
				CLANG_WARN_INT_CONVERSION = YES;
				CLANG_WARN_OBJC_ROOT_CLASS = YES_ERROR;
				CLANG_WARN_UNREACHABLE_CODE = YES;
				CLANG_WARN__DUPLICATE_METHOD_MATCH = YES;
				"CODE_SIGN_IDENTITY[sdk=iphoneos*]" = "iPhone Developer";
				COPY_PHASE_STRIP = YES;
				ENABLE_NS_ASSERTIONS = NO;
				ENABLE_STRICT_OBJC_MSGSEND = YES;
				GCC_C_LANGUAGE_STANDARD = gnu99;
				GCC_WARN_64_TO_32_BIT_CONVERSION = YES;
				GCC_WARN_ABOUT_RETURN_TYPE = YES_ERROR;
				GCC_WARN_UNDECLARED_SELECTOR = YES;
				GCC_WARN_UNINITIALIZED_AUTOS = YES_AGGRESSIVE;
				GCC_WARN_UNUSED_FUNCTION = YES;
				GCC_WARN_UNUSED_VARIABLE = YES;
				IPHONEOS_DEPLOYMENT_TARGET = 8.0;
				MTL_ENABLE_DEBUG_INFO = NO;
				SDKROOT = iphoneos;
				VALIDATE_PRODUCT = YES;
			};
			name = Release;
		};
		1975F16B1990830400AF4981 /* Debug */ = {
			isa = XCBuildConfiguration;
			buildSettings = {
				ASSETCATALOG_COMPILER_APPICON_NAME = AppIcon;
				ASSETCATALOG_COMPILER_LAUNCHIMAGE_NAME = LaunchImage;
				INFOPLIST_FILE = Week1HW/Info.plist;
				IPHONEOS_DEPLOYMENT_TARGET = 7.1;
				LD_RUNPATH_SEARCH_PATHS = "$(inherited) @executable_path/Frameworks";
				PRODUCT_NAME = "$(TARGET_NAME)";
			};
			name = Debug;
		};
		1975F16C1990830400AF4981 /* Release */ = {
			isa = XCBuildConfiguration;
			buildSettings = {
				ASSETCATALOG_COMPILER_APPICON_NAME = AppIcon;
				ASSETCATALOG_COMPILER_LAUNCHIMAGE_NAME = LaunchImage;
				INFOPLIST_FILE = Week1HW/Info.plist;
				IPHONEOS_DEPLOYMENT_TARGET = 7.1;
				LD_RUNPATH_SEARCH_PATHS = "$(inherited) @executable_path/Frameworks";
				PRODUCT_NAME = "$(TARGET_NAME)";
			};
			name = Release;
		};
		1975F16E1990830400AF4981 /* Debug */ = {
			isa = XCBuildConfiguration;
			buildSettings = {
				BUNDLE_LOADER = "$(BUILT_PRODUCTS_DIR)/Week1HW.app/Week1HW";
				FRAMEWORK_SEARCH_PATHS = (
					"$(SDKROOT)/Developer/Library/Frameworks",
					"$(inherited)",
				);
				GCC_PREPROCESSOR_DEFINITIONS = (
					"DEBUG=1",
					"$(inherited)",
				);
				INFOPLIST_FILE = Week1HWTests/Info.plist;
				LD_RUNPATH_SEARCH_PATHS = "$(inherited) @executable_path/Frameworks @loader_path/Frameworks";
				PRODUCT_NAME = "$(TARGET_NAME)";
				TEST_HOST = "$(BUNDLE_LOADER)";
			};
			name = Debug;
		};
		1975F16F1990830400AF4981 /* Release */ = {
			isa = XCBuildConfiguration;
			buildSettings = {
				BUNDLE_LOADER = "$(BUILT_PRODUCTS_DIR)/Week1HW.app/Week1HW";
				FRAMEWORK_SEARCH_PATHS = (
					"$(SDKROOT)/Developer/Library/Frameworks",
					"$(inherited)",
				);
				INFOPLIST_FILE = Week1HWTests/Info.plist;
				LD_RUNPATH_SEARCH_PATHS = "$(inherited) @executable_path/Frameworks @loader_path/Frameworks";
				PRODUCT_NAME = "$(TARGET_NAME)";
				TEST_HOST = "$(BUNDLE_LOADER)";
			};
			name = Release;
		};
/* End XCBuildConfiguration section */

/* Begin XCConfigurationList section */
		1975F1491990830400AF4981 /* Build configuration list for PBXProject "Week1HW" */ = {
			isa = XCConfigurationList;
			buildConfigurations = (
				1975F1681990830400AF4981 /* Debug */,
				1975F1691990830400AF4981 /* Release */,
			);
			defaultConfigurationIsVisible = 0;
			defaultConfigurationName = Release;
		};
		1975F16A1990830400AF4981 /* Build configuration list for PBXNativeTarget "Week1HW" */ = {
			isa = XCConfigurationList;
			buildConfigurations = (
				1975F16B1990830400AF4981 /* Debug */,
				1975F16C1990830400AF4981 /* Release */,
			);
			defaultConfigurationIsVisible = 0;
			defaultConfigurationName = Release;
		};
		1975F16D1990830400AF4981 /* Build configuration list for PBXNativeTarget "Week1HWTests" */ = {
			isa = XCConfigurationList;
			buildConfigurations = (
				1975F16E1990830400AF4981 /* Debug */,
				1975F16F1990830400AF4981 /* Release */,
			);
			defaultConfigurationIsVisible = 0;
			defaultConfigurationName = Release;
		};
/* End XCConfigurationList section */
	};
	rootObject = 1975F1461990830400AF4981 /* Project object */;
}
